
Microsoft Visual Studio Solution File, Format Version 12.00
# Visual Studio 15
VisualStudioVersion = 15.0.25123.0
MinimumVisualStudioVersion = 10.0.40219.1
Project("{8BC9CEB8-8B4A-11D0-8D11-00A0C91BC942}") = "exe", "exe\exe.vcxproj", "{AEC1EA6E-7E59-4DEC-AB04-755925C6B21F}"
	ProjectSection(ProjectDependencies) = postProject
		{ACFCCBE1-76DC-470F-A8CC-BB632B6009FE} = {ACFCCBE1-76DC-470F-A8CC-BB632B6009FE}
	EndProjectSection
EndProject
Project("{8BC9CEB8-8B4A-11D0-8D11-00A0C91BC942}") = "dll", "dll\dll.vcxproj", "{ACFCCBE1-76DC-470F-A8CC-BB632B6009FE}"
EndProject
Global
	GlobalSection(SolutionConfigurationPlatforms) = preSolution
		Debug|x64 = Debug|x64
		Debug|x86 = Debug|x86
		Release|x64 = Release|x64
		Release|x86 = Release|x86
	EndGlobalSection
	GlobalSection(ProjectConfigurationPlatforms) = postSolution
		{AEC1EA6E-7E59-4DEC-AB04-755925C6B21F}.Debug|x64.ActiveCfg = Debug|x64
		{AEC1EA6E-7E59-4DEC-AB04-755925C6B21F}.Debug|x64.Build.0 = Debug|x64
		{AEC1EA6E-7E59-4DEC-AB04-755925C6B21F}.Debug|x86.ActiveCfg = Debug|Win32
		{AEC1EA6E-7E59-4DEC-AB04-755925C6B21F}.Debug|x86.Build.0 = Debug|Win32
		{AEC1EA6E-7E59-4DEC-AB04-755925C6B21F}.Release|x64.ActiveCfg = Release|x64
		{AEC1EA6E-7E59-4DEC-AB04-755925C6B21F}.Release|x64.Build.0 = Release|x64
		{AEC1EA6E-7E59-4DEC-AB04-755925C6B21F}.Release|x86.ActiveCfg = Release|Win32
		{AEC1EA6E-7E59-4DEC-AB04-755925C6B21F}.Release|x86.Build.0 = Release|Win32
		{ACFCCBE1-76DC-470F-A8CC-BB632B6009FE}.Debug|x64.ActiveCfg = Debug|x64
		{ACFCCBE1-76DC-470F-A8CC-BB632B6009FE}.Debug|x64.Build.0 = Debug|x64
		{ACFCCBE1-76DC-470F-A8CC-BB632B6009FE}.Debug|x86.ActiveCfg = Debug|Win32
		{ACFCCBE1-76DC-470F-A8CC-BB632B6009FE}.Debug|x86.Build.0 = Debug|Win32
		{ACFCCBE1-76DC-470F-A8CC-BB632B6009FE}.Release|x64.ActiveCfg = Release|x64
		{ACFCCBE1-76DC-470F-A8CC-BB632B6009FE}.Release|x64.Build.0 = Release|x64
		{ACFCCBE1-76DC-470F-A8CC-BB632B6009FE}.Release|x86.ActiveCfg = Release|Win32
		{ACFCCBE1-76DC-470F-A8CC-BB632B6009FE}.Release|x86.Build.0 = Release|Win32
	EndGlobalSection
	GlobalSection(SolutionProperties) = preSolution
		HideSolutionNode = FALSE
	EndGlobalSection
EndGlobal
